// !$*UTF8*$!
{
	archiveVersion = 1;
	classes = {
	};
	objectVersion = 46;
	objects = {

/* Begin PBXBuildFile section */
		2B568B9E1B47BD8000E7009E /* AppDelegate.swift in Sources */ = {isa = PBXBuildFile; fileRef = 2B568B9D1B47BD8000E7009E /* AppDelegate.swift */; };
		2B568BA31B47BD8000E7009E /* Main.storyboard in Resources */ = {isa = PBXBuildFile; fileRef = 2B568BA11B47BD8000E7009E /* Main.storyboard */; };
		2B568BA51B47BD8000E7009E /* Images.xcassets in Resources */ = {isa = PBXBuildFile; fileRef = 2B568BA41B47BD8000E7009E /* Images.xcassets */; };
		2B568BA81B47BD8000E7009E /* LaunchScreen.xib in Resources */ = {isa = PBXBuildFile; fileRef = 2B568BA61B47BD8000E7009E /* LaunchScreen.xib */; };
		2B568BB41B47BD8000E7009E /* HappinessTests.swift in Sources */ = {isa = PBXBuildFile; fileRef = 2B568BB31B47BD8000E7009E /* HappinessTests.swift */; };
		2B568BBE1B47BE8000E7009E /* HappinessViewController.swift in Sources */ = {isa = PBXBuildFile; fileRef = 2B568BBD1B47BE8000E7009E /* HappinessViewController.swift */; };
		2B568BC21B47C1BC00E7009E /* FaceView.swift in Sources */ = {isa = PBXBuildFile; fileRef = 2B568BC11B47C1BC00E7009E /* FaceView.swift */; };
/* End PBXBuildFile section */

/* Begin PBXContainerItemProxy section */
		2B568BAE1B47BD8000E7009E /* PBXContainerItemProxy */ = {
			isa = PBXContainerItemProxy;
			containerPortal = 2B568B901B47BD8000E7009E /* Project object */;
			proxyType = 1;
			remoteGlobalIDString = 2B568B971B47BD8000E7009E;
			remoteInfo = Happiness;
		};
/* End PBXContainerItemProxy section */

/* Begin PBXFileReference section */
		2B568B981B47BD8000E7009E /* Happiness.app */ = {isa = PBXFileReference; explicitFileType = wrapper.application; includeInIndex = 0; path = Happiness.app; sourceTree = BUILT_PRODUCTS_DIR; };
		2B568B9C1B47BD8000E7009E /* Info.plist */ = {isa = PBXFileReference; lastKnownFileType = text.plist.xml; path = Info.plist; sourceTree = "<group>"; };
		2B568B9D1B47BD8000E7009E /* AppDelegate.swift */ = {isa = PBXFileReference; lastKnownFileType = sourcecode.swift; path = AppDelegate.swift; sourceTree = "<group>"; };
		2B568BA21B47BD8000E7009E /* Base */ = {isa = PBXFileReference; lastKnownFileType = file.storyboard; name = Base; path = Base.lproj/Main.storyboard; sourceTree = "<group>"; };
		2B568BA41B47BD8000E7009E /* Images.xcassets */ = {isa = PBXFileReference; lastKnownFileType = folder.assetcatalog; path = Images.xcassets; sourceTree = "<group>"; };
		2B568BA71B47BD8000E7009E /* Base */ = {isa = PBXFileReference; lastKnownFileType = file.xib; name = Base; path = Base.lproj/LaunchScreen.xib; sourceTree = "<group>"; };
		2B568BAD1B47BD8000E7009E /* HappinessTests.xctest */ = {isa = PBXFileReference; explicitFileType = wrapper.cfbundle; includeInIndex = 0; path = HappinessTests.xctest; sourceTree = BUILT_PRODUCTS_DIR; };
		2B568BB21B47BD8000E7009E /* Info.plist */ = {isa = PBXFileReference; lastKnownFileType = text.plist.xml; path = Info.plist; sourceTree = "<group>"; };
		2B568BB31B47BD8000E7009E /* HappinessTests.swift */ = {isa = PBXFileReference; lastKnownFileType = sourcecode.swift; path = HappinessTests.swift; sourceTree = "<group>"; };
		2B568BBD1B47BE8000E7009E /* HappinessViewController.swift */ = {isa = PBXFileReference; fileEncoding = 4; lastKnownFileType = sourcecode.swift; path = HappinessViewController.swift; sourceTree = "<group>"; };
		2B568BC11B47C1BC00E7009E /* FaceView.swift */ = {isa = PBXFileReference; fileEncoding = 4; lastKnownFileType = sourcecode.swift; path = FaceView.swift; sourceTree = "<group>"; };
/* End PBXFileReference section */

/* Begin PBXFrameworksBuildPhase section */
		2B568B951B47BD8000E7009E /* Frameworks */ = {
			isa = PBXFrameworksBuildPhase;
			buildActionMask = 2147483647;
			files = (
			);
			runOnlyForDeploymentPostprocessing = 0;
		};
		2B568BAA1B47BD8000E7009E /* Frameworks */ = {
			isa = PBXFrameworksBuildPhase;
			buildActionMask = 2147483647;
			files = (
			);
			runOnlyForDeploymentPostprocessing = 0;
		};
/* End PBXFrameworksBuildPhase section */

/* Begin PBXGroup section */
		2B568B8F1B47BD8000E7009E = {
			isa = PBXGroup;
			children = (
				2B568B9A1B47BD8000E7009E /* Happiness */,
				2B568BB01B47BD8000E7009E /* HappinessTests */,
				2B568B991B47BD8000E7009E /* Products */,
			);
			sourceTree = "<group>";
		};
		2B568B991B47BD8000E7009E /* Products */ = {
			isa = PBXGroup;
			children = (
				2B568B981B47BD8000E7009E /* Happiness.app */,
				2B568BAD1B47BD8000E7009E /* HappinessTests.xctest */,
			);
			name = Products;
			sourceTree = "<group>";
		};
		2B568B9A1B47BD8000E7009E /* Happiness */ = {
			isa = PBXGroup;
			children = (
				2B568BA11B47BD8000E7009E /* Main.storyboard */,
				2B568BBD1B47BE8000E7009E /* HappinessViewController.swift */,
				2B568BC11B47C1BC00E7009E /* FaceView.swift */,
				2B568B9B1B47BD8000E7009E /* Supporting Files */,
			);
			path = Happiness;
			sourceTree = "<group>";
		};
		2B568B9B1B47BD8000E7009E /* Supporting Files */ = {
			isa = PBXGroup;
			children = (
				2B568BA61B47BD8000E7009E /* LaunchScreen.xib */,
				2B568B9D1B47BD8000E7009E /* AppDelegate.swift */,
				2B568BA41B47BD8000E7009E /* Images.xcassets */,
				2B568B9C1B47BD8000E7009E /* Info.plist */,
			);
			name = "Supporting Files";
			sourceTree = "<group>";
		};
		2B568BB01B47BD8000E7009E /* HappinessTests */ = {
			isa = PBXGroup;
			children = (
				2B568BB31B47BD8000E7009E /* HappinessTests.swift */,
				2B568BB11B47BD8000E7009E /* Supporting Files */,
			);
			path = HappinessTests;
			sourceTree = "<group>";
		};
		2B568BB11B47BD8000E7009E /* Supporting Files */ = {
			isa = PBXGroup;
			children = (
				2B568BB21B47BD8000E7009E /* Info.plist */,
			);
			name = "Supporting Files";
			sourceTree = "<group>";
		};
/* End PBXGroup section */

/* Begin PBXNativeTarget section */
		2B568B971B47BD8000E7009E /* Happiness */ = {
			isa = PBXNativeTarget;
			buildConfigurationList = 2B568BB71B47BD8000E7009E /* Build configuration list for PBXNativeTarget "Happiness" */;
			buildPhases = (
				2B568B941B47BD8000E7009E /* Sources */,
				2B568B951B47BD8000E7009E /* Frameworks */,
				2B568B961B47BD8000E7009E /* Resources */,
			);
			buildRules = (
			);
			dependencies = (
			);
			name = Happiness;
			productName = Happiness;
			productReference = 2B568B981B47BD8000E7009E /* Happiness.app */;
			productType = "com.apple.product-type.application";
		};
		2B568BAC1B47BD8000E7009E /* HappinessTests */ = {
			isa = PBXNativeTarget;
			buildConfigurationList = 2B568BBA1B47BD8000E7009E /* Build configuration list for PBXNativeTarget "HappinessTests" */;
			buildPhases = (
				2B568BA91B47BD8000E7009E /* Sources */,
				2B568BAA1B47BD8000E7009E /* Frameworks */,
				2B568BAB1B47BD8000E7009E /* Resources */,
			);
			buildRules = (
			);
			dependencies = (
				2B568BAF1B47BD8000E7009E /* PBXTargetDependency */,
			);
			name = HappinessTests;
			productName = HappinessTests;
			productReference = 2B568BAD1B47BD8000E7009E /* HappinessTests.xctest */;
			productType = "com.apple.product-type.bundle.unit-test";
		};
/* End PBXNativeTarget section */

/* Begin PBXProject section */
		2B568B901B47BD8000E7009E /* Project object */ = {
			isa = PBXProject;
			attributes = {
				LastUpgradeCheck = 0630;
				ORGANIZATIONNAME = "Charlie Yuan";
				TargetAttributes = {
					2B568B971B47BD8000E7009E = {
						CreatedOnToolsVersion = 6.3.2;
					};
					2B568BAC1B47BD8000E7009E = {
						CreatedOnToolsVersion = 6.3.2;
						TestTargetID = 2B568B971B47BD8000E7009E;
					};
				};
			};
			buildConfigurationList = 2B568B931B47BD8000E7009E /* Build configuration list for PBXProject "Happiness" */;
			compatibilityVersion = "Xcode 3.2";
			developmentRegion = English;
			hasScannedForEncodings = 0;
			knownRegions = (
				en,
				Base,
			);
			mainGroup = 2B568B8F1B47BD8000E7009E;
			productRefGroup = 2B568B991B47BD8000E7009E /* Products */;
			projectDirPath = "";
			projectRoot = "";
			targets = (
				2B568B971B47BD8000E7009E /* Happiness */,
				2B568BAC1B47BD8000E7009E /* HappinessTests */,
			);
		};
/* End PBXProject section */

/* Begin PBXResourcesBuildPhase section */
		2B568B961B47BD8000E7009E /* Resources */ = {
			isa = PBXResourcesBuildPhase;
			buildActionMask = 2147483647;
			files = (
				2B568BA31B47BD8000E7009E /* Main.storyboard in Resources */,
				2B568BA81B47BD8000E7009E /* LaunchScreen.xib in Resources */,
				2B568BA51B47BD8000E7009E /* Images.xcassets in Resources */,
			);
			runOnlyForDeploymentPostprocessing = 0;
		};
		2B568BAB1B47BD8000E7009E /* Resources */ = {
			isa = PBXResourcesBuildPhase;
			buildActionMask = 2147483647;
			files = (
			);
			runOnlyForDeploymentPostprocessing = 0;
		};
/* End PBXResourcesBuildPhase section */

/* Begin PBXSourcesBuildPhase section */
		2B568B941B47BD8000E7009E /* Sources */ = {
			isa = PBXSourcesBuildPhase;
			buildActionMask = 2147483647;
			files = (
				2B568BBE1B47BE8000E7009E /* HappinessViewController.swift in Sources */,
				2B568B9E1B47BD8000E7009E /* AppDelegate.swift in Sources */,
				2B568BC21B47C1BC00E7009E /* FaceView.swift in Sources */,
			);
			runOnlyForDeploymentPostprocessing = 0;
		};
		2B568BA91B47BD8000E7009E /* Sources */ = {
			isa = PBXSourcesBuildPhase;
			buildActionMask = 2147483647;
			files = (
				2B568BB41B47BD8000E7009E /* HappinessTests.swift in Sources */,
			);
			runOnlyForDeploymentPostprocessing = 0;
		};
/* End PBXSourcesBuildPhase section */

/* Begin PBXTargetDependency section */
		2B568BAF1B47BD8000E7009E /* PBXTargetDependency */ = {
			isa = PBXTargetDependency;
			target = 2B568B971B47BD8000E7009E /* Happiness */;
			targetProxy = 2B568BAE1B47BD8000E7009E /* PBXContainerItemProxy */;
		};
/* End PBXTargetDependency section */

/* Begin PBXVariantGroup section */
		2B568BA11B47BD8000E7009E /* Main.storyboard */ = {
			isa = PBXVariantGroup;
			children = (
				2B568BA21B47BD8000E7009E /* Base */,
			);
			name = Main.storyboard;
			sourceTree = "<group>";
		};
		2B568BA61B47BD8000E7009E /* LaunchScreen.xib */ = {
			isa = PBXVariantGroup;
			children = (
				2B568BA71B47BD8000E7009E /* Base */,
			);
			name = LaunchScreen.xib;
			sourceTree = "<group>";
		};
/* End PBXVariantGroup section */

/* Begin XCBuildConfiguration section */
		2B568BB51B47BD8000E7009E /* Debug */ = {
			isa = XCBuildConfiguration;
			buildSettings = {
				ALWAYS_SEARCH_USER_PATHS = NO;
				CLANG_CXX_LANGUAGE_STANDARD = "gnu++0x";
				CLANG_CXX_LIBRARY = "libc++";
				CLANG_ENABLE_MODULES = YES;
				CLANG_ENABLE_OBJC_ARC = YES;
				CLANG_WARN_BOOL_CONVERSION = YES;
				CLANG_WARN_CONSTANT_CONVERSION = YES;
				CLANG_WARN_DIRECT_OBJC_ISA_USAGE = YES_ERROR;
				CLANG_WARN_EMPTY_BODY = YES;
				CLANG_WARN_ENUM_CONVERSION = YES;
				CLANG_WARN_INT_CONVERSION = YES;
				CLANG_WARN_OBJC_ROOT_CLASS = YES_ERROR;
				CLANG_WARN_UNREACHABLE_CODE = YES;
				CLANG_WARN__DUPLICATE_METHOD_MATCH = YES;
				"CODE_SIGN_IDENTITY[sdk=iphoneos*]" = "iPhone Developer";
				COPY_PHASE_STRIP = NO;
				DEBUG_INFORMATION_FORMAT = "dwarf-with-dsym";
				ENABLE_STRICT_OBJC_MSGSEND = YES;
				GCC_C_LANGUAGE_STANDARD = gnu99;
				GCC_DYNAMIC_NO_PIC = NO;
				GCC_NO_COMMON_BLOCKS = YES;
				GCC_OPTIMIZATION_LEVEL = 0;
				GCC_PREPROCESSOR_DEFINITIONS = (
					"DEBUG=1",
					"$(inherited)",
				);
				GCC_SYMBOLS_PRIVATE_EXTERN = NO;
				GCC_WARN_64_TO_32_BIT_CONVERSION = YES;
				GCC_WARN_ABOUT_RETURN_TYPE = YES_ERROR;
				GCC_WARN_UNDECLARED_SELECTOR = YES;
				GCC_WARN_UNINITIALIZED_AUTOS = YES_AGGRESSIVE;
				GCC_WARN_UNUSED_FUNCTION = YES;
				GCC_WARN_UNUSED_VARIABLE = YES;
				IPHONEOS_DEPLOYMENT_TARGET = 8.3;
				MTL_ENABLE_DEBUG_INFO = YES;
				ONLY_ACTIVE_ARCH = YES;
				SDKROOT = iphoneos;
				SWIFT_OPTIMIZATION_LEVEL = "-Onone";
				TARGETED_DEVICE_FAMILY = "1,2";
			};
			name = Debug;
		};
		2B568BB61B47BD8000E7009E /* Release */ = {
			isa = XCBuildConfiguration;
			buildSettings = {
				ALWAYS_SEARCH_USER_PATHS = NO;
				CLANG_CXX_LANGUAGE_STANDARD = "gnu++0x";
				CLANG_CXX_LIBRARY = "libc++";
				CLANG_ENABLE_MODULES = YES;
				CLANG_ENABLE_OBJC_ARC = YES;
				CLANG_WARN_BOOL_CONVERSION = YES;
				CLANG_WARN_CONSTANT_CONVERSION = YES;
				CLANG_WARN_DIRECT_OBJC_ISA_USAGE = YES_ERROR;
				CLANG_WARN_EMPTY_BODY = YES;
				CLANG_WARN_ENUM_CONVERSION = YES;
				CLANG_WARN_INT_CONVERSION = YES;
				CLANG_WARN_OBJC_ROOT_CLASS = YES_ERROR;
				CLANG_WARN_UNREACHABLE_CODE = YES;
				CLANG_WARN__DUPLICATE_METHOD_MATCH = YES;
				"CODE_SIGN_IDENTITY[sdk=iphoneos*]" = "iPhone Developer";
				COPY_PHASE_STRIP = NO;
				DEBUG_INFORMATION_FORMAT = "dwarf-with-dsym";
				ENABLE_NS_ASSERTIONS = NO;
				ENABLE_STRICT_OBJC_MSGSEND = YES;
				GCC_C_LANGUAGE_STANDARD = gnu99;
				GCC_NO_COMMON_BLOCKS = YES;
				GCC_WARN_64_TO_32_BIT_CONVERSION = YES;
				GCC_WARN_ABOUT_RETURN_TYPE = YES_ERROR;
				GCC_WARN_UNDECLARED_SELECTOR = YES;
				GCC_WARN_UNINITIALIZED_AUTOS = YES_AGGRESSIVE;
				GCC_WARN_UNUSED_FUNCTION = YES;
				GCC_WARN_UNUSED_VARIABLE = YES;
				IPHONEOS_DEPLOYMENT_TARGET = 8.3;
				MTL_ENABLE_DEBUG_INFO = NO;
				SDKROOT = iphoneos;
				TARGETED_DEVICE_FAMILY = "1,2";
				VALIDATE_PRODUCT = YES;
			};
			name = Release;
		};
		2B568BB81B47BD8000E7009E /* Debug */ = {
			isa = XCBuildConfiguration;
			buildSettings = {
				ASSETCATALOG_COMPILER_APPICON_NAME = AppIcon;
				INFOPLIST_FILE = Happiness/Info.plist;
				LD_RUNPATH_SEARCH_PATHS = "$(inherited) @executable_path/Frameworks";
				PRODUCT_NAME = "$(TARGET_NAME)";
			};
			name = Debug;
		};
		2B568BB91B47BD8000E7009E /* Release */ = {
			isa = XCBuildConfiguration;
			buildSettings = {
				ASSETCATALOG_COMPILER_APPICON_NAME = AppIcon;
				INFOPLIST_FILE = Happiness/Info.plist;
				LD_RUNPATH_SEARCH_PATHS = "$(inherited) @executable_path/Frameworks";
				PRODUCT_NAME = "$(TARGET_NAME)";
			};
			name = Release;
		};
		2B568BBB1B47BD8000E7009E /* Debug */ = {
			isa = XCBuildConfiguration;
			buildSettings = {
				BUNDLE_LOADER = "$(TEST_HOST)";
				FRAMEWORK_SEARCH_PATHS = (
					"$(SDKROOT)/Developer/Library/Frameworks",
					"$(inherited)",
				);
				GCC_PREPROCESSOR_DEFINITIONS = (
					"DEBUG=1",
					"$(inherited)",
				);
				INFOPLIST_FILE = HappinessTests/Info.plist;
				LD_RUNPATH_SEARCH_PATHS = "$(inherited) @executable_path/Frameworks @loader_path/Frameworks";
				PRODUCT_NAME = "$(TARGET_NAME)";
				TEST_HOST = "$(BUILT_PRODUCTS_DIR)/Happiness.app/Happiness";
			};
			name = Debug;
		};
		2B568BBC1B47BD8000E7009E /* Release */ = {
			isa = XCBuildConfiguration;
			buildSettings = {
				BUNDLE_LOADER = "$(TEST_HOST)";
				FRAMEWORK_SEARCH_PATHS = (
					"$(SDKROOT)/Developer/Library/Frameworks",
					"$(inherited)",
				);
				INFOPLIST_FILE = HappinessTests/Info.plist;
				LD_RUNPATH_SEARCH_PATHS = "$(inherited) @executable_path/Frameworks @loader_path/Frameworks";
				PRODUCT_NAME = "$(TARGET_NAME)";
				TEST_HOST = "$(BUILT_PRODUCTS_DIR)/Happiness.app/Happiness";
			};
			name = Release;
		};
/* End XCBuildConfiguration section */

/* Begin XCConfigurationList section */
		2B568B931B47BD8000E7009E /* Build configuration list for PBXProject "Happiness" */ = {
			isa = XCConfigurationList;
			buildConfigurations = (
				2B568BB51B47BD8000E7009E /* Debug */,
				2B568BB61B47BD8000E7009E /* Release */,
			);
			defaultConfigurationIsVisible = 0;
			defaultConfigurationName = Release;
		};
		2B568BB71B47BD8000E7009E /* Build configuration list for PBXNativeTarget "Happiness" */ = {
			isa = XCConfigurationList;
			buildConfigurations = (
				2B568BB81B47BD8000E7009E /* Debug */,
				2B568BB91B47BD8000E7009E /* Release */,
			);
			defaultConfigurationIsVisible = 0;
		};
		2B568BBA1B47BD8000E7009E /* Build configuration list for PBXNativeTarget "HappinessTests" */ = {
			isa = XCConfigurationList;
			buildConfigurations = (
				2B568BBB1B47BD8000E7009E /* Debug */,
				2B568BBC1B47BD8000E7009E /* Release */,
			);
			defaultConfigurationIsVisible = 0;
		};
/* End XCConfigurationList section */
	};
	rootObject = 2B568B901B47BD8000E7009E /* Project object */;
}
